
Microsoft Visual Studio Solution File, Format Version 12.00
Project("{FAE04EC0-301F-11D3-BF4B-00C04F79EFBC}") = "Juntin.Presentation", "Juntin.Presentation\Juntin.Presentation.csproj", "{332E80AA-2EEA-4FD5-9A41-042292ADB010}"
EndProject
Project("{FAE04EC0-301F-11D3-BF4B-00C04F79EFBC}") = "Juntin.Domain", "Juntin.Domain\Juntin.Domain.csproj", "{E01338D8-CD3D-4446-B6C9-57F8C795AABE}"
EndProject
Project("{FAE04EC0-301F-11D3-BF4B-00C04F79EFBC}") = "Juntin.Application", "Juntin.Application\Juntin.Application.csproj", "{4F084B35-2B7B-4635-A4D0-A05E37656323}"
EndProject
Project("{FAE04EC0-301F-11D3-BF4B-00C04F79EFBC}") = "Juntin.Infrastructure", "Juntin.Infrastructure\Juntin.Infrastructure.csproj", "{226C94D8-D76C-46FE-B7DA-576E696BBBDA}"
EndProject
Global
	GlobalSection(SolutionConfigurationPlatforms) = preSolution
		Debug|Any CPU = Debug|Any CPU
		Release|Any CPU = Release|Any CPU
	EndGlobalSection
	GlobalSection(ProjectConfigurationPlatforms) = postSolution
		{332E80AA-2EEA-4FD5-9A41-042292ADB010}.Debug|Any CPU.ActiveCfg = Debug|Any CPU
		{332E80AA-2EEA-4FD5-9A41-042292ADB010}.Debug|Any CPU.Build.0 = Debug|Any CPU
		{332E80AA-2EEA-4FD5-9A41-042292ADB010}.Release|Any CPU.ActiveCfg = Release|Any CPU
		{332E80AA-2EEA-4FD5-9A41-042292ADB010}.Release|Any CPU.Build.0 = Release|Any CPU
		{E01338D8-CD3D-4446-B6C9-57F8C795AABE}.Debug|Any CPU.ActiveCfg = Debug|Any CPU
		{E01338D8-CD3D-4446-B6C9-57F8C795AABE}.Debug|Any CPU.Build.0 = Debug|Any CPU
		{E01338D8-CD3D-4446-B6C9-57F8C795AABE}.Release|Any CPU.ActiveCfg = Release|Any CPU
		{E01338D8-CD3D-4446-B6C9-57F8C795AABE}.Release|Any CPU.Build.0 = Release|Any CPU
		{4F084B35-2B7B-4635-A4D0-A05E37656323}.Debug|Any CPU.ActiveCfg = Debug|Any CPU
		{4F084B35-2B7B-4635-A4D0-A05E37656323}.Debug|Any CPU.Build.0 = Debug|Any CPU
		{4F084B35-2B7B-4635-A4D0-A05E37656323}.Release|Any CPU.ActiveCfg = Release|Any CPU
		{4F084B35-2B7B-4635-A4D0-A05E37656323}.Release|Any CPU.Build.0 = Release|Any CPU
		{226C94D8-D76C-46FE-B7DA-576E696BBBDA}.Debug|Any CPU.ActiveCfg = Debug|Any CPU
		{226C94D8-D76C-46FE-B7DA-576E696BBBDA}.Debug|Any CPU.Build.0 = Debug|Any CPU
		{226C94D8-D76C-46FE-B7DA-576E696BBBDA}.Release|Any CPU.ActiveCfg = Release|Any CPU
		{226C94D8-D76C-46FE-B7DA-576E696BBBDA}.Release|Any CPU.Build.0 = Release|Any CPU
	EndGlobalSection
EndGlobal
